// !$*UTF8*$!
{
	archiveVersion = 1;
	classes = {
	};
	objectVersion = 46;
	objects = {

/* Begin PBXBuildFile section */
		0D490F1B1E9E746600E5DE36 /* NSObject+CCZUtility.h in Headers */ = {isa = PBXBuildFile; fileRef = 0D490F191E9E746600E5DE36 /* NSObject+CCZUtility.h */; settings = {ATTRIBUTES = (Public, ); }; };
		0D490F1C1E9E746600E5DE36 /* NSObject+CCZUtility.m in Sources */ = {isa = PBXBuildFile; fileRef = 0D490F1A1E9E746600E5DE36 /* NSObject+CCZUtility.m */; };
		0D490F261E9E749600E5DE36 /* CCZBaseNavigationController.h in Headers */ = {isa = PBXBuildFile; fileRef = 0D490F1E1E9E749600E5DE36 /* CCZBaseNavigationController.h */; settings = {ATTRIBUTES = (Public, ); }; };
		0D490F271E9E749600E5DE36 /* CCZBaseNavigationController.m in Sources */ = {isa = PBXBuildFile; fileRef = 0D490F1F1E9E749600E5DE36 /* CCZBaseNavigationController.m */; };
		0D490F281E9E749600E5DE36 /* CCZBaseTabBarController.h in Headers */ = {isa = PBXBuildFile; fileRef = 0D490F201E9E749600E5DE36 /* CCZBaseTabBarController.h */; settings = {ATTRIBUTES = (Public, ); }; };
		0D490F291E9E749600E5DE36 /* CCZBaseTabBarController.m in Sources */ = {isa = PBXBuildFile; fileRef = 0D490F211E9E749600E5DE36 /* CCZBaseTabBarController.m */; };
		0D490F2A1E9E749600E5DE36 /* CCZBaseTableViewController.h in Headers */ = {isa = PBXBuildFile; fileRef = 0D490F221E9E749600E5DE36 /* CCZBaseTableViewController.h */; settings = {ATTRIBUTES = (Public, ); }; };
		0D490F2B1E9E749600E5DE36 /* CCZBaseTableViewController.m in Sources */ = {isa = PBXBuildFile; fileRef = 0D490F231E9E749600E5DE36 /* CCZBaseTableViewController.m */; };
		0D490F2C1E9E749600E5DE36 /* CCZBaseViewController.h in Headers */ = {isa = PBXBuildFile; fileRef = 0D490F241E9E749600E5DE36 /* CCZBaseViewController.h */; settings = {ATTRIBUTES = (Public, ); }; };
		0D490F2D1E9E749600E5DE36 /* CCZBaseViewController.m in Sources */ = {isa = PBXBuildFile; fileRef = 0D490F251E9E749600E5DE36 /* CCZBaseViewController.m */; };
		0D490F311E9E74A300E5DE36 /* CCZGlobal.h in Headers */ = {isa = PBXBuildFile; fileRef = 0D490F2F1E9E74A300E5DE36 /* CCZGlobal.h */; settings = {ATTRIBUTES = (Public, ); }; };
		0D490F321E9E74A300E5DE36 /* CCZGlobal.m in Sources */ = {isa = PBXBuildFile; fileRef = 0D490F301E9E74A300E5DE36 /* CCZGlobal.m */; };
		0D490F361E9E756900E5DE36 /* CommonFrameworkPrefixHeader.pch in Headers */ = {isa = PBXBuildFile; fileRef = 0D490F351E9E756900E5DE36 /* CommonFrameworkPrefixHeader.pch */; };
		0D7458491E9E0E7E00C170CA /* CCZCommonFramework.framework in Frameworks */ = {isa = PBXBuildFile; fileRef = 0D74583F1E9E0E7D00C170CA /* CCZCommonFramework.framework */; };
		0D74584E1E9E0E7E00C170CA /* CCZCommonFrameworkTests.m in Sources */ = {isa = PBXBuildFile; fileRef = 0D74584D1E9E0E7E00C170CA /* CCZCommonFrameworkTests.m */; };
		0D7458501E9E0E7E00C170CA /* CCZCommonFramework.h in Headers */ = {isa = PBXBuildFile; fileRef = 0D7458421E9E0E7D00C170CA /* CCZCommonFramework.h */; settings = {ATTRIBUTES = (Public, ); }; };
		0DF0A2041E9F692D0007A44F /* CommonMarco.h in Headers */ = {isa = PBXBuildFile; fileRef = 0DF0A2031E9F692D0007A44F /* CommonMarco.h */; settings = {ATTRIBUTES = (Public, ); }; };
		D42DC0B75C8DE7423A272A00 /* Pods_CCZCommonFramework.framework in Frameworks */ = {isa = PBXBuildFile; fileRef = 8FB151CCECF129DB10A74019 /* Pods_CCZCommonFramework.framework */; };
/* End PBXBuildFile section */

/* Begin PBXContainerItemProxy section */
		0D74584A1E9E0E7E00C170CA /* PBXContainerItemProxy */ = {
			isa = PBXContainerItemProxy;
			containerPortal = 0D7458361E9E0E7D00C170CA /* Project object */;
			proxyType = 1;
			remoteGlobalIDString = 0D74583E1E9E0E7D00C170CA;
			remoteInfo = CCZCommonFramework;
		};
/* End PBXContainerItemProxy section */

/* Begin PBXFileReference section */
		0D490F191E9E746600E5DE36 /* NSObject+CCZUtility.h */ = {isa = PBXFileReference; fileEncoding = 4; lastKnownFileType = sourcecode.c.h; path = "NSObject+CCZUtility.h"; sourceTree = "<group>"; };
		0D490F1A1E9E746600E5DE36 /* NSObject+CCZUtility.m */ = {isa = PBXFileReference; fileEncoding = 4; lastKnownFileType = sourcecode.c.objc; path = "NSObject+CCZUtility.m"; sourceTree = "<group>"; };
		0D490F1E1E9E749600E5DE36 /* CCZBaseNavigationController.h */ = {isa = PBXFileReference; fileEncoding = 4; lastKnownFileType = sourcecode.c.h; path = CCZBaseNavigationController.h; sourceTree = "<group>"; };
		0D490F1F1E9E749600E5DE36 /* CCZBaseNavigationController.m */ = {isa = PBXFileReference; fileEncoding = 4; lastKnownFileType = sourcecode.c.objc; path = CCZBaseNavigationController.m; sourceTree = "<group>"; };
		0D490F201E9E749600E5DE36 /* CCZBaseTabBarController.h */ = {isa = PBXFileReference; fileEncoding = 4; lastKnownFileType = sourcecode.c.h; path = CCZBaseTabBarController.h; sourceTree = "<group>"; };
		0D490F211E9E749600E5DE36 /* CCZBaseTabBarController.m */ = {isa = PBXFileReference; fileEncoding = 4; lastKnownFileType = sourcecode.c.objc; path = CCZBaseTabBarController.m; sourceTree = "<group>"; };
		0D490F221E9E749600E5DE36 /* CCZBaseTableViewController.h */ = {isa = PBXFileReference; fileEncoding = 4; lastKnownFileType = sourcecode.c.h; path = CCZBaseTableViewController.h; sourceTree = "<group>"; };
		0D490F231E9E749600E5DE36 /* CCZBaseTableViewController.m */ = {isa = PBXFileReference; fileEncoding = 4; lastKnownFileType = sourcecode.c.objc; path = CCZBaseTableViewController.m; sourceTree = "<group>"; };
		0D490F241E9E749600E5DE36 /* CCZBaseViewController.h */ = {isa = PBXFileReference; fileEncoding = 4; lastKnownFileType = sourcecode.c.h; path = CCZBaseViewController.h; sourceTree = "<group>"; };
		0D490F251E9E749600E5DE36 /* CCZBaseViewController.m */ = {isa = PBXFileReference; fileEncoding = 4; lastKnownFileType = sourcecode.c.objc; path = CCZBaseViewController.m; sourceTree = "<group>"; };
		0D490F2F1E9E74A300E5DE36 /* CCZGlobal.h */ = {isa = PBXFileReference; fileEncoding = 4; lastKnownFileType = sourcecode.c.h; path = CCZGlobal.h; sourceTree = "<group>"; };
		0D490F301E9E74A300E5DE36 /* CCZGlobal.m */ = {isa = PBXFileReference; fileEncoding = 4; lastKnownFileType = sourcecode.c.objc; path = CCZGlobal.m; sourceTree = "<group>"; };
		0D490F351E9E756900E5DE36 /* CommonFrameworkPrefixHeader.pch */ = {isa = PBXFileReference; fileEncoding = 4; lastKnownFileType = sourcecode.c.h; path = CommonFrameworkPrefixHeader.pch; sourceTree = "<group>"; };
		0D74583F1E9E0E7D00C170CA /* CCZCommonFramework.framework */ = {isa = PBXFileReference; explicitFileType = wrapper.framework; includeInIndex = 0; path = CCZCommonFramework.framework; sourceTree = BUILT_PRODUCTS_DIR; };
		0D7458421E9E0E7D00C170CA /* CCZCommonFramework.h */ = {isa = PBXFileReference; lastKnownFileType = sourcecode.c.h; path = CCZCommonFramework.h; sourceTree = "<group>"; };
		0D7458431E9E0E7D00C170CA /* Info.plist */ = {isa = PBXFileReference; lastKnownFileType = text.plist.xml; path = Info.plist; sourceTree = "<group>"; };
		0D7458481E9E0E7E00C170CA /* CCZCommonFrameworkTests.xctest */ = {isa = PBXFileReference; explicitFileType = wrapper.cfbundle; includeInIndex = 0; path = CCZCommonFrameworkTests.xctest; sourceTree = BUILT_PRODUCTS_DIR; };
		0D74584D1E9E0E7E00C170CA /* CCZCommonFrameworkTests.m */ = {isa = PBXFileReference; lastKnownFileType = sourcecode.c.objc; path = CCZCommonFrameworkTests.m; sourceTree = "<group>"; };
		0D74584F1E9E0E7E00C170CA /* Info.plist */ = {isa = PBXFileReference; lastKnownFileType = text.plist.xml; path = Info.plist; sourceTree = "<group>"; };
		0DC278A171365D1F02412873 /* Pods-CCZCommonFramework.release.xcconfig */ = {isa = PBXFileReference; includeInIndex = 1; lastKnownFileType = text.xcconfig; name = "Pods-CCZCommonFramework.release.xcconfig"; path = "../Pods/Target Support Files/Pods-CCZCommonFramework/Pods-CCZCommonFramework.release.xcconfig"; sourceTree = "<group>"; };
		0DF0A2031E9F692D0007A44F /* CommonMarco.h */ = {isa = PBXFileReference; fileEncoding = 4; lastKnownFileType = sourcecode.c.h; path = CommonMarco.h; sourceTree = "<group>"; };
		8FB151CCECF129DB10A74019 /* Pods_CCZCommonFramework.framework */ = {isa = PBXFileReference; explicitFileType = wrapper.framework; includeInIndex = 0; path = Pods_CCZCommonFramework.framework; sourceTree = BUILT_PRODUCTS_DIR; };
		DE6811B666EC71244218DFAD /* Pods-CCZCommonFramework.debug.xcconfig */ = {isa = PBXFileReference; includeInIndex = 1; lastKnownFileType = text.xcconfig; name = "Pods-CCZCommonFramework.debug.xcconfig"; path = "../Pods/Target Support Files/Pods-CCZCommonFramework/Pods-CCZCommonFramework.debug.xcconfig"; sourceTree = "<group>"; };
/* End PBXFileReference section */

/* Begin PBXFrameworksBuildPhase section */
		0D74583B1E9E0E7D00C170CA /* Frameworks */ = {
			isa = PBXFrameworksBuildPhase;
			buildActionMask = 2147483647;
			files = (
				D42DC0B75C8DE7423A272A00 /* Pods_CCZCommonFramework.framework in Frameworks */,
			);
			runOnlyForDeploymentPostprocessing = 0;
		};
		0D7458451E9E0E7E00C170CA /* Frameworks */ = {
			isa = PBXFrameworksBuildPhase;
			buildActionMask = 2147483647;
			files = (
				0D7458491E9E0E7E00C170CA /* CCZCommonFramework.framework in Frameworks */,
			);
			runOnlyForDeploymentPostprocessing = 0;
		};
/* End PBXFrameworksBuildPhase section */

/* Begin PBXGroup section */
		0D490F181E9E746600E5DE36 /* Category */ = {
			isa = PBXGroup;
			children = (
				0D490F191E9E746600E5DE36 /* NSObject+CCZUtility.h */,
				0D490F1A1E9E746600E5DE36 /* NSObject+CCZUtility.m */,
			);
			path = Category;
			sourceTree = "<group>";
		};
		0D490F1D1E9E749600E5DE36 /* BaseViewController */ = {
			isa = PBXGroup;
			children = (
				0D490F1E1E9E749600E5DE36 /* CCZBaseNavigationController.h */,
				0D490F1F1E9E749600E5DE36 /* CCZBaseNavigationController.m */,
				0D490F201E9E749600E5DE36 /* CCZBaseTabBarController.h */,
				0D490F211E9E749600E5DE36 /* CCZBaseTabBarController.m */,
				0D490F221E9E749600E5DE36 /* CCZBaseTableViewController.h */,
				0D490F231E9E749600E5DE36 /* CCZBaseTableViewController.m */,
				0D490F241E9E749600E5DE36 /* CCZBaseViewController.h */,
				0D490F251E9E749600E5DE36 /* CCZBaseViewController.m */,
			);
			path = BaseViewController;
			sourceTree = "<group>";
		};
		0D490F2E1E9E74A300E5DE36 /* Common */ = {
			isa = PBXGroup;
			children = (
				0D490F2F1E9E74A300E5DE36 /* CCZGlobal.h */,
				0D490F301E9E74A300E5DE36 /* CCZGlobal.m */,
			);
			path = Common;
			sourceTree = "<group>";
		};
		0D7458351E9E0E7D00C170CA = {
			isa = PBXGroup;
			children = (
				0D7458411E9E0E7D00C170CA /* CCZCommonFramework */,
				0D74584C1E9E0E7E00C170CA /* CCZCommonFrameworkTests */,
				0D7458401E9E0E7D00C170CA /* Products */,
				A2B1DCC292694FC864420FEA /* Pods */,
				E4F7B71816194331E9C9E41C /* Frameworks */,
			);
			sourceTree = "<group>";
		};
		0D7458401E9E0E7D00C170CA /* Products */ = {
			isa = PBXGroup;
			children = (
				0D74583F1E9E0E7D00C170CA /* CCZCommonFramework.framework */,
				0D7458481E9E0E7E00C170CA /* CCZCommonFrameworkTests.xctest */,
			);
			name = Products;
			sourceTree = "<group>";
		};
		0D7458411E9E0E7D00C170CA /* CCZCommonFramework */ = {
			isa = PBXGroup;
			children = (
				0DF0A2031E9F692D0007A44F /* CommonMarco.h */,
				0D490F2E1E9E74A300E5DE36 /* Common */,
				0D490F1D1E9E749600E5DE36 /* BaseViewController */,
				0D490F181E9E746600E5DE36 /* Category */,
				0D7458421E9E0E7D00C170CA /* CCZCommonFramework.h */,
				0D7458431E9E0E7D00C170CA /* Info.plist */,
				0D490F351E9E756900E5DE36 /* CommonFrameworkPrefixHeader.pch */,
			);
			path = CCZCommonFramework;
			sourceTree = "<group>";
		};
		0D74584C1E9E0E7E00C170CA /* CCZCommonFrameworkTests */ = {
			isa = PBXGroup;
			children = (
				0D74584D1E9E0E7E00C170CA /* CCZCommonFrameworkTests.m */,
				0D74584F1E9E0E7E00C170CA /* Info.plist */,
			);
			path = CCZCommonFrameworkTests;
			sourceTree = "<group>";
		};
		A2B1DCC292694FC864420FEA /* Pods */ = {
			isa = PBXGroup;
			children = (
				DE6811B666EC71244218DFAD /* Pods-CCZCommonFramework.debug.xcconfig */,
				0DC278A171365D1F02412873 /* Pods-CCZCommonFramework.release.xcconfig */,
			);
			name = Pods;
			sourceTree = "<group>";
		};
		E4F7B71816194331E9C9E41C /* Frameworks */ = {
			isa = PBXGroup;
			children = (
				8FB151CCECF129DB10A74019 /* Pods_CCZCommonFramework.framework */,
			);
			name = Frameworks;
			sourceTree = "<group>";
		};
/* End PBXGroup section */

/* Begin PBXHeadersBuildPhase section */
		0D74583C1E9E0E7D00C170CA /* Headers */ = {
			isa = PBXHeadersBuildPhase;
			buildActionMask = 2147483647;
			files = (
				0D490F261E9E749600E5DE36 /* CCZBaseNavigationController.h in Headers */,
				0D490F311E9E74A300E5DE36 /* CCZGlobal.h in Headers */,
				0D490F2C1E9E749600E5DE36 /* CCZBaseViewController.h in Headers */,
				0D490F1B1E9E746600E5DE36 /* NSObject+CCZUtility.h in Headers */,
				0D490F281E9E749600E5DE36 /* CCZBaseTabBarController.h in Headers */,
				0DF0A2041E9F692D0007A44F /* CommonMarco.h in Headers */,
				0D7458501E9E0E7E00C170CA /* CCZCommonFramework.h in Headers */,
				0D490F361E9E756900E5DE36 /* CommonFrameworkPrefixHeader.pch in Headers */,
				0D490F2A1E9E749600E5DE36 /* CCZBaseTableViewController.h in Headers */,
			);
			runOnlyForDeploymentPostprocessing = 0;
		};
/* End PBXHeadersBuildPhase section */

/* Begin PBXNativeTarget section */
		0D74583E1E9E0E7D00C170CA /* CCZCommonFramework */ = {
			isa = PBXNativeTarget;
			buildConfigurationList = 0D7458531E9E0E7E00C170CA /* Build configuration list for PBXNativeTarget "CCZCommonFramework" */;
			buildPhases = (
				26310B2FF458369CDB8F2DD9 /* [CP] Check Pods Manifest.lock */,
				0D74583A1E9E0E7D00C170CA /* Sources */,
				0D74583B1E9E0E7D00C170CA /* Frameworks */,
				0D74583C1E9E0E7D00C170CA /* Headers */,
				0D74583D1E9E0E7D00C170CA /* Resources */,
				D8DFC76830C77CBF8C1FBE72 /* [CP] Copy Pods Resources */,
			);
			buildRules = (
			);
			dependencies = (
			);
			name = CCZCommonFramework;
			productName = CCZCommonFramework;
			productReference = 0D74583F1E9E0E7D00C170CA /* CCZCommonFramework.framework */;
			productType = "com.apple.product-type.framework";
		};
		0D7458471E9E0E7E00C170CA /* CCZCommonFrameworkTests */ = {
			isa = PBXNativeTarget;
			buildConfigurationList = 0D7458561E9E0E7E00C170CA /* Build configuration list for PBXNativeTarget "CCZCommonFrameworkTests" */;
			buildPhases = (
				0D7458441E9E0E7E00C170CA /* Sources */,
				0D7458451E9E0E7E00C170CA /* Frameworks */,
				0D7458461E9E0E7E00C170CA /* Resources */,
			);
			buildRules = (
			);
			dependencies = (
				0D74584B1E9E0E7E00C170CA /* PBXTargetDependency */,
			);
			name = CCZCommonFrameworkTests;
			productName = CCZCommonFrameworkTests;
			productReference = 0D7458481E9E0E7E00C170CA /* CCZCommonFrameworkTests.xctest */;
			productType = "com.apple.product-type.bundle.unit-test";
		};
/* End PBXNativeTarget section */

/* Begin PBXProject section */
		0D7458361E9E0E7D00C170CA /* Project object */ = {
			isa = PBXProject;
			attributes = {
				LastUpgradeCheck = 0810;
				ORGANIZATIONNAME = chenchaozhong;
				TargetAttributes = {
					0D74583E1E9E0E7D00C170CA = {
						CreatedOnToolsVersion = 8.1;
						ProvisioningStyle = Automatic;
					};
					0D7458471E9E0E7E00C170CA = {
						CreatedOnToolsVersion = 8.1;
						ProvisioningStyle = Automatic;
					};
				};
			};
			buildConfigurationList = 0D7458391E9E0E7D00C170CA /* Build configuration list for PBXProject "CCZCommonFramework" */;
			compatibilityVersion = "Xcode 3.2";
			developmentRegion = English;
			hasScannedForEncodings = 0;
			knownRegions = (
				en,
			);
			mainGroup = 0D7458351E9E0E7D00C170CA;
			productRefGroup = 0D7458401E9E0E7D00C170CA /* Products */;
			projectDirPath = "";
			projectRoot = "";
			targets = (
				0D74583E1E9E0E7D00C170CA /* CCZCommonFramework */,
				0D7458471E9E0E7E00C170CA /* CCZCommonFrameworkTests */,
			);
		};
/* End PBXProject section */

/* Begin PBXResourcesBuildPhase section */
		0D74583D1E9E0E7D00C170CA /* Resources */ = {
			isa = PBXResourcesBuildPhase;
			buildActionMask = 2147483647;
			files = (
			);
			runOnlyForDeploymentPostprocessing = 0;
		};
		0D7458461E9E0E7E00C170CA /* Resources */ = {
			isa = PBXResourcesBuildPhase;
			buildActionMask = 2147483647;
			files = (
			);
			runOnlyForDeploymentPostprocessing = 0;
		};
/* End PBXResourcesBuildPhase section */

/* Begin PBXShellScriptBuildPhase section */
		26310B2FF458369CDB8F2DD9 /* [CP] Check Pods Manifest.lock */ = {
			isa = PBXShellScriptBuildPhase;
			buildActionMask = 2147483647;
			files = (
			);
			inputPaths = (
			);
			name = "[CP] Check Pods Manifest.lock";
			outputPaths = (
			);
			runOnlyForDeploymentPostprocessing = 0;
			shellPath = /bin/sh;
			shellScript = "diff \"${PODS_ROOT}/../Podfile.lock\" \"${PODS_ROOT}/Manifest.lock\" > /dev/null\nif [ $? != 0 ] ; then\n    # print error to STDERR\n    echo \"error: The sandbox is not in sync with the Podfile.lock. Run 'pod install' or update your CocoaPods installation.\" >&2\n    exit 1\nfi\n";
			showEnvVarsInLog = 0;
		};
		D8DFC76830C77CBF8C1FBE72 /* [CP] Copy Pods Resources */ = {
			isa = PBXShellScriptBuildPhase;
			buildActionMask = 2147483647;
			files = (
			);
			inputPaths = (
			);
			name = "[CP] Copy Pods Resources";
			outputPaths = (
			);
			runOnlyForDeploymentPostprocessing = 0;
			shellPath = /bin/sh;
			shellScript = "\"${SRCROOT}/../Pods/Target Support Files/Pods-CCZCommonFramework/Pods-CCZCommonFramework-resources.sh\"\n";
			showEnvVarsInLog = 0;
		};
/* End PBXShellScriptBuildPhase section */

/* Begin PBXSourcesBuildPhase section */
		0D74583A1E9E0E7D00C170CA /* Sources */ = {
			isa = PBXSourcesBuildPhase;
			buildActionMask = 2147483647;
			files = (
				0D490F1C1E9E746600E5DE36 /* NSObject+CCZUtility.m in Sources */,
				0D490F2D1E9E749600E5DE36 /* CCZBaseViewController.m in Sources */,
				0D490F2B1E9E749600E5DE36 /* CCZBaseTableViewController.m in Sources */,
				0D490F321E9E74A300E5DE36 /* CCZGlobal.m in Sources */,
				0D490F271E9E749600E5DE36 /* CCZBaseNavigationController.m in Sources */,
				0D490F291E9E749600E5DE36 /* CCZBaseTabBarController.m in Sources */,
			);
			runOnlyForDeploymentPostprocessing = 0;
		};
		0D7458441E9E0E7E00C170CA /* Sources */ = {
			isa = PBXSourcesBuildPhase;
			buildActionMask = 2147483647;
			files = (
				0D74584E1E9E0E7E00C170CA /* CCZCommonFrameworkTests.m in Sources */,
			);
			runOnlyForDeploymentPostprocessing = 0;
		};
/* End PBXSourcesBuildPhase section */

/* Begin PBXTargetDependency section */
		0D74584B1E9E0E7E00C170CA /* PBXTargetDependency */ = {
			isa = PBXTargetDependency;
			target = 0D74583E1E9E0E7D00C170CA /* CCZCommonFramework */;
			targetProxy = 0D74584A1E9E0E7E00C170CA /* PBXContainerItemProxy */;
		};
/* End PBXTargetDependency section */

/* Begin XCBuildConfiguration section */
		0D7458511E9E0E7E00C170CA /* Debug */ = {
			isa = XCBuildConfiguration;
			buildSettings = {
				ALWAYS_SEARCH_USER_PATHS = NO;
				CLANG_ANALYZER_NONNULL = YES;
				CLANG_CXX_LANGUAGE_STANDARD = "gnu++0x";
				CLANG_CXX_LIBRARY = "libc++";
				CLANG_ENABLE_MODULES = YES;
				CLANG_ENABLE_OBJC_ARC = YES;
				CLANG_WARN_BOOL_CONVERSION = YES;
				CLANG_WARN_CONSTANT_CONVERSION = YES;
				CLANG_WARN_DIRECT_OBJC_ISA_USAGE = YES_ERROR;
				CLANG_WARN_DOCUMENTATION_COMMENTS = YES;
				CLANG_WARN_EMPTY_BODY = YES;
				CLANG_WARN_ENUM_CONVERSION = YES;
				CLANG_WARN_INFINITE_RECURSION = YES;
				CLANG_WARN_INT_CONVERSION = YES;
				CLANG_WARN_OBJC_ROOT_CLASS = YES_ERROR;
				CLANG_WARN_SUSPICIOUS_MOVES = YES;
				CLANG_WARN_UNREACHABLE_CODE = YES;
				CLANG_WARN__DUPLICATE_METHOD_MATCH = YES;
				"CODE_SIGN_IDENTITY[sdk=iphoneos*]" = "iPhone Developer";
				COPY_PHASE_STRIP = NO;
				CURRENT_PROJECT_VERSION = 1;
				DEBUG_INFORMATION_FORMAT = dwarf;
				ENABLE_STRICT_OBJC_MSGSEND = YES;
				ENABLE_TESTABILITY = YES;
				GCC_C_LANGUAGE_STANDARD = gnu99;
				GCC_DYNAMIC_NO_PIC = NO;
				GCC_NO_COMMON_BLOCKS = YES;
				GCC_OPTIMIZATION_LEVEL = 0;
				GCC_PREPROCESSOR_DEFINITIONS = (
					"DEBUG=1",
					"$(inherited)",
				);
				GCC_WARN_64_TO_32_BIT_CONVERSION = YES;
				GCC_WARN_ABOUT_RETURN_TYPE = YES_ERROR;
				GCC_WARN_UNDECLARED_SELECTOR = YES;
				GCC_WARN_UNINITIALIZED_AUTOS = YES_AGGRESSIVE;
				GCC_WARN_UNUSED_FUNCTION = YES;
				GCC_WARN_UNUSED_VARIABLE = YES;
				IPHONEOS_DEPLOYMENT_TARGET = 10.1;
				MTL_ENABLE_DEBUG_INFO = YES;
				ONLY_ACTIVE_ARCH = YES;
				SDKROOT = iphoneos;
				TARGETED_DEVICE_FAMILY = "1,2";
				VERSIONING_SYSTEM = "apple-generic";
				VERSION_INFO_PREFIX = "";
			};
			name = Debug;
		};
		0D7458521E9E0E7E00C170CA /* Release */ = {
			isa = XCBuildConfiguration;
			buildSettings = {
				ALWAYS_SEARCH_USER_PATHS = NO;
				CLANG_ANALYZER_NONNULL = YES;
				CLANG_CXX_LANGUAGE_STANDARD = "gnu++0x";
				CLANG_CXX_LIBRARY = "libc++";
				CLANG_ENABLE_MODULES = YES;
				CLANG_ENABLE_OBJC_ARC = YES;
				CLANG_WARN_BOOL_CONVERSION = YES;
				CLANG_WARN_CONSTANT_CONVERSION = YES;
				CLANG_WARN_DIRECT_OBJC_ISA_USAGE = YES_ERROR;
				CLANG_WARN_DOCUMENTATION_COMMENTS = YES;
				CLANG_WARN_EMPTY_BODY = YES;
				CLANG_WARN_ENUM_CONVERSION = YES;
				CLANG_WARN_INFINITE_RECURSION = YES;
				CLANG_WARN_INT_CONVERSION = YES;
				CLANG_WARN_OBJC_ROOT_CLASS = YES_ERROR;
				CLANG_WARN_SUSPICIOUS_MOVES = YES;
				CLANG_WARN_UNREACHABLE_CODE = YES;
				CLANG_WARN__DUPLICATE_METHOD_MATCH = YES;
				"CODE_SIGN_IDENTITY[sdk=iphoneos*]" = "iPhone Developer";
				COPY_PHASE_STRIP = NO;
				CURRENT_PROJECT_VERSION = 1;
				DEBUG_INFORMATION_FORMAT = "dwarf-with-dsym";
				ENABLE_NS_ASSERTIONS = NO;
				ENABLE_STRICT_OBJC_MSGSEND = YES;
				GCC_C_LANGUAGE_STANDARD = gnu99;
				GCC_NO_COMMON_BLOCKS = YES;
				GCC_WARN_64_TO_32_BIT_CONVERSION = YES;
				GCC_WARN_ABOUT_RETURN_TYPE = YES_ERROR;
				GCC_WARN_UNDECLARED_SELECTOR = YES;
				GCC_WARN_UNINITIALIZED_AUTOS = YES_AGGRESSIVE;
				GCC_WARN_UNUSED_FUNCTION = YES;
				GCC_WARN_UNUSED_VARIABLE = YES;
				IPHONEOS_DEPLOYMENT_TARGET = 10.1;
				MTL_ENABLE_DEBUG_INFO = NO;
				SDKROOT = iphoneos;
				TARGETED_DEVICE_FAMILY = "1,2";
				VALIDATE_PRODUCT = YES;
				VERSIONING_SYSTEM = "apple-generic";
				VERSION_INFO_PREFIX = "";
			};
			name = Release;
		};
		0D7458541E9E0E7E00C170CA /* Debug */ = {
			isa = XCBuildConfiguration;
			baseConfigurationReference = DE6811B666EC71244218DFAD /* Pods-CCZCommonFramework.debug.xcconfig */;
			buildSettings = {
				CODE_SIGN_IDENTITY = "";
				DEFINES_MODULE = YES;
				DYLIB_COMPATIBILITY_VERSION = 1;
				DYLIB_CURRENT_VERSION = 1;
				DYLIB_INSTALL_NAME_BASE = "@rpath";
				GCC_PREFIX_HEADER = "$(SRCROOT)/CCZCommonFramework/CommonFrameworkPrefixHeader.pch";
				INFOPLIST_FILE = CCZCommonFramework/Info.plist;
				INSTALL_PATH = "$(LOCAL_LIBRARY_DIR)/Frameworks";
				IPHONEOS_DEPLOYMENT_TARGET = 8.0;
				LD_RUNPATH_SEARCH_PATHS = "$(inherited) @executable_path/Frameworks @loader_path/Frameworks";
				PRODUCT_BUNDLE_IDENTIFIER = chenchaozhong.CCZCommonFramework;
				PRODUCT_NAME = "$(TARGET_NAME)";
				SKIP_INSTALL = YES;
			};
			name = Debug;
		};
		0D7458551E9E0E7E00C170CA /* Release */ = {
			isa = XCBuildConfiguration;
			baseConfigurationReference = 0DC278A171365D1F02412873 /* Pods-CCZCommonFramework.release.xcconfig */;
			buildSettings = {
				CODE_SIGN_IDENTITY = "";
				DEFINES_MODULE = YES;
				DYLIB_COMPATIBILITY_VERSION = 1;
				DYLIB_CURRENT_VERSION = 1;
				DYLIB_INSTALL_NAME_BASE = "@rpath";
				GCC_PREFIX_HEADER = "$(SRCROOT)/CCZCommonFramework/CommonFrameworkPrefixHeader.pch";
				INFOPLIST_FILE = CCZCommonFramework/Info.plist;
				INSTALL_PATH = "$(LOCAL_LIBRARY_DIR)/Frameworks";
				IPHONEOS_DEPLOYMENT_TARGET = 8.0;
				LD_RUNPATH_SEARCH_PATHS = "$(inherited) @executable_path/Frameworks @loader_path/Frameworks";
				PRODUCT_BUNDLE_IDENTIFIER = chenchaozhong.CCZCommonFramework;
				PRODUCT_NAME = "$(TARGET_NAME)";
				SKIP_INSTALL = YES;
			};
			name = Release;
		};
		0D7458571E9E0E7E00C170CA /* Debug */ = {
			isa = XCBuildConfiguration;
			buildSettings = {
				INFOPLIST_FILE = CCZCommonFrameworkTests/Info.plist;
				LD_RUNPATH_SEARCH_PATHS = "$(inherited) @executable_path/Frameworks @loader_path/Frameworks";
				PRODUCT_BUNDLE_IDENTIFIER = chenchaozhong.CCZCommonFrameworkTests;
				PRODUCT_NAME = "$(TARGET_NAME)";
			};
			name = Debug;
		};
		0D7458581E9E0E7E00C170CA /* Release */ = {
			isa = XCBuildConfiguration;
			buildSettings = {
				INFOPLIST_FILE = CCZCommonFrameworkTests/Info.plist;
				LD_RUNPATH_SEARCH_PATHS = "$(inherited) @executable_path/Frameworks @loader_path/Frameworks";
				PRODUCT_BUNDLE_IDENTIFIER = chenchaozhong.CCZCommonFrameworkTests;
				PRODUCT_NAME = "$(TARGET_NAME)";
			};
			name = Release;
		};
/* End XCBuildConfiguration section */

/* Begin XCConfigurationList section */
		0D7458391E9E0E7D00C170CA /* Build configuration list for PBXProject "CCZCommonFramework" */ = {
			isa = XCConfigurationList;
			buildConfigurations = (
				0D7458511E9E0E7E00C170CA /* Debug */,
				0D7458521E9E0E7E00C170CA /* Release */,
			);
			defaultConfigurationIsVisible = 0;
			defaultConfigurationName = Release;
		};
		0D7458531E9E0E7E00C170CA /* Build configuration list for PBXNativeTarget "CCZCommonFramework" */ = {
			isa = XCConfigurationList;
			buildConfigurations = (
				0D7458541E9E0E7E00C170CA /* Debug */,
				0D7458551E9E0E7E00C170CA /* Release */,
			);
			defaultConfigurationIsVisible = 0;
			defaultConfigurationName = Release;
		};
		0D7458561E9E0E7E00C170CA /* Build configuration list for PBXNativeTarget "CCZCommonFrameworkTests" */ = {
			isa = XCConfigurationList;
			buildConfigurations = (
				0D7458571E9E0E7E00C170CA /* Debug */,
				0D7458581E9E0E7E00C170CA /* Release */,
			);
			defaultConfigurationIsVisible = 0;
			defaultConfigurationName = Release;
		};
/* End XCConfigurationList section */
	};
	rootObject = 0D7458361E9E0E7D00C170CA /* Project object */;
}
